
Microsoft Visual Studio Solution File, Format Version 12.00
# Visual Studio Version 16
VisualStudioVersion = 16.0.29326.143
MinimumVisualStudioVersion = 10.0.40219.1
Project("{F184B08F-C81C-45F6-A57F-5ABD9991F28F}") = "ConsoleApp-Front", "ConsoleApp-Front\ConsoleApp-Front.vbproj", "{166BEBC3-49F6-4B9F-B401-479822CCE2D3}"
EndProject
Project("{FAE04EC0-301F-11D3-BF4B-00C04F79EFBC}") = "ClassLibrary-Back", "ClassLibrary-Back\ClassLibrary-Back.csproj", "{7C6E26C5-01C4-48AC-91A7-91A4D6CE7333}"
EndProject
Global
	GlobalSection(SolutionConfigurationPlatforms) = preSolution
		Debug|Any CPU = Debug|Any CPU
		Release|Any CPU = Release|Any CPU
	EndGlobalSection
	GlobalSection(ProjectConfigurationPlatforms) = postSolution
		{166BEBC3-49F6-4B9F-B401-479822CCE2D3}.Debug|Any CPU.ActiveCfg = Debug|Any CPU
		{166BEBC3-49F6-4B9F-B401-479822CCE2D3}.Debug|Any CPU.Build.0 = Debug|Any CPU
		{166BEBC3-49F6-4B9F-B401-479822CCE2D3}.Release|Any CPU.ActiveCfg = Release|Any CPU
		{166BEBC3-49F6-4B9F-B401-479822CCE2D3}.Release|Any CPU.Build.0 = Release|Any CPU
		{7C6E26C5-01C4-48AC-91A7-91A4D6CE7333}.Debug|Any CPU.ActiveCfg = Debug|Any CPU
		{7C6E26C5-01C4-48AC-91A7-91A4D6CE7333}.Debug|Any CPU.Build.0 = Debug|Any CPU
		{7C6E26C5-01C4-48AC-91A7-91A4D6CE7333}.Release|Any CPU.ActiveCfg = Release|Any CPU
		{7C6E26C5-01C4-48AC-91A7-91A4D6CE7333}.Release|Any CPU.Build.0 = Release|Any CPU
	EndGlobalSection
	GlobalSection(SolutionProperties) = preSolution
		HideSolutionNode = FALSE
	EndGlobalSection
	GlobalSection(ExtensibilityGlobals) = postSolution
		SolutionGuid = {1E284DD7-48BE-4022-82FC-883898AE1686}
	EndGlobalSection
EndGlobal
